
Microsoft Visual Studio Solution File, Format Version 12.00
Project("{FAE04EC0-301F-11D3-BF4B-00C04F79EFBC}") = "CSFeatures", "CSFeatures\CSFeatures.csproj", "{1E07CE42-1501-45AF-9E7E-8A548B3D15F6}"
EndProject
Project("{FAE04EC0-301F-11D3-BF4B-00C04F79EFBC}") = "generated", "generated\generated.csproj", "{D09206AD-0720-44AB-8BBA-4A8BA253FFE0}"
EndProject
Global
	GlobalSection(SolutionConfigurationPlatforms) = preSolution
		Debug|Any CPU = Debug|Any CPU
		Release|Any CPU = Release|Any CPU
	EndGlobalSection
	GlobalSection(ProjectConfigurationPlatforms) = postSolution
		{1E07CE42-1501-45AF-9E7E-8A548B3D15F6}.Debug|Any CPU.ActiveCfg = Debug|Any CPU
		{1E07CE42-1501-45AF-9E7E-8A548B3D15F6}.Debug|Any CPU.Build.0 = Debug|Any CPU
		{1E07CE42-1501-45AF-9E7E-8A548B3D15F6}.Release|Any CPU.ActiveCfg = Release|Any CPU
		{1E07CE42-1501-45AF-9E7E-8A548B3D15F6}.Release|Any CPU.Build.0 = Release|Any CPU
		{D09206AD-0720-44AB-8BBA-4A8BA253FFE0}.Debug|Any CPU.ActiveCfg = Debug|Any CPU
		{D09206AD-0720-44AB-8BBA-4A8BA253FFE0}.Debug|Any CPU.Build.0 = Debug|Any CPU
		{D09206AD-0720-44AB-8BBA-4A8BA253FFE0}.Release|Any CPU.ActiveCfg = Release|Any CPU
		{D09206AD-0720-44AB-8BBA-4A8BA253FFE0}.Release|Any CPU.Build.0 = Release|Any CPU
	EndGlobalSection
EndGlobal
